
Microsoft Visual Studio Solution File, Format Version 12.00
# Visual Studio Version 16
VisualStudioVersion = 16.0.29411.108
MinimumVisualStudioVersion = 10.0.40219.1
Project("{FAE04EC0-301F-11D3-BF4B-00C04F79EFBC}") = "AdventOfCodeDay2", "AdventOfCodeDay2\AdventOfCodeDay2\AdventOfCodeDay2.csproj", "{2D62FD02-91C5-4ECC-AA3C-0FBD3C2A254F}"
EndProject
Project("{FAE04EC0-301F-11D3-BF4B-00C04F79EFBC}") = "AdventOfCodeDay3", "AdventOfCodeDay3\AdventOfCodeDay3.csproj", "{24DEBDF6-E878-4B1A-8E3C-8456EE872D36}"
EndProject
Project("{FAE04EC0-301F-11D3-BF4B-00C04F79EFBC}") = "AoCDay4", "AoCDay4\AoCDay4.csproj", "{3C47FB2B-E3AE-4B1B-B992-CBDEE2493B27}"
EndProject
Global
	GlobalSection(SolutionConfigurationPlatforms) = preSolution
		Debug|Any CPU = Debug|Any CPU
		Release|Any CPU = Release|Any CPU
	EndGlobalSection
	GlobalSection(ProjectConfigurationPlatforms) = postSolution
		{2D62FD02-91C5-4ECC-AA3C-0FBD3C2A254F}.Debug|Any CPU.ActiveCfg = Debug|Any CPU
		{2D62FD02-91C5-4ECC-AA3C-0FBD3C2A254F}.Debug|Any CPU.Build.0 = Debug|Any CPU
		{2D62FD02-91C5-4ECC-AA3C-0FBD3C2A254F}.Release|Any CPU.ActiveCfg = Release|Any CPU
		{2D62FD02-91C5-4ECC-AA3C-0FBD3C2A254F}.Release|Any CPU.Build.0 = Release|Any CPU
		{24DEBDF6-E878-4B1A-8E3C-8456EE872D36}.Debug|Any CPU.ActiveCfg = Debug|Any CPU
		{24DEBDF6-E878-4B1A-8E3C-8456EE872D36}.Debug|Any CPU.Build.0 = Debug|Any CPU
		{24DEBDF6-E878-4B1A-8E3C-8456EE872D36}.Release|Any CPU.ActiveCfg = Release|Any CPU
		{24DEBDF6-E878-4B1A-8E3C-8456EE872D36}.Release|Any CPU.Build.0 = Release|Any CPU
		{3C47FB2B-E3AE-4B1B-B992-CBDEE2493B27}.Debug|Any CPU.ActiveCfg = Debug|Any CPU
		{3C47FB2B-E3AE-4B1B-B992-CBDEE2493B27}.Debug|Any CPU.Build.0 = Debug|Any CPU
		{3C47FB2B-E3AE-4B1B-B992-CBDEE2493B27}.Release|Any CPU.ActiveCfg = Release|Any CPU
		{3C47FB2B-E3AE-4B1B-B992-CBDEE2493B27}.Release|Any CPU.Build.0 = Release|Any CPU
	EndGlobalSection
	GlobalSection(SolutionProperties) = preSolution
		HideSolutionNode = FALSE
	EndGlobalSection
	GlobalSection(ExtensibilityGlobals) = postSolution
		SolutionGuid = {D76BFC57-2DE3-4BB5-90D0-BF1C40930314}
	EndGlobalSection
EndGlobal
